// !$*UTF8*$!
{
	archiveVersion = 1;
	classes = {
	};
	objectVersion = 56;
	objects = {

/* Begin PBXBuildFile section */
		BB6FBA3F2C0D7C3A00C1D5A8 /* BubbleNoteApp.swift in Sources */ = {isa = PBXBuildFile; fileRef = BB6FBA3E2C0D7C3A00C1D5A8 /* BubbleNoteApp.swift */; };
		BB6FBA412C0D7C3A00C1D5A8 /* ContentView.swift in Sources */ = {isa = PBXBuildFile; fileRef = BB6FBA402C0D7C3A00C1D5A8 /* ContentView.swift */; };
		BB6FBA432C0D7C3B00C1D5A8 /* Assets.xcassets in Resources */ = {isa = PBXBuildFile; fileRef = BB6FBA422C0D7C3B00C1D5A8 /* Assets.xcassets */; };
		BB6FBA462C0D7C3B00C1D5A8 /* Preview Assets.xcassets in Resources */ = {isa = PBXBuildFile; fileRef = BB6FBA452C0D7C3B00C1D5A8 /* Preview Assets.xcassets */; };
		BB6FBA502C0D7C3B00C1D5A8 /* BubbleNoteTests.swift in Sources */ = {isa = PBXBuildFile; fileRef = BB6FBA4F2C0D7C3B00C1D5A8 /* BubbleNoteTests.swift */; };
		BB6FBA5A2C0D7C3B00C1D5A8 /* BubbleNoteUITests.swift in Sources */ = {isa = PBXBuildFile; fileRef = BB6FBA592C0D7C3B00C1D5A8 /* BubbleNoteUITests.swift */; };
		BB6FBA5C2C0D7C3B00C1D5A8 /* BubbleNoteUITestsLaunchTests.swift in Sources */ = {isa = PBXBuildFile; fileRef = BB6FBA5B2C0D7C3B00C1D5A8 /* BubbleNoteUITestsLaunchTests.swift */; };
/* End PBXBuildFile section */

/* Begin PBXContainerItemProxy section */
		BB6FBA4C2C0D7C3B00C1D5A8 /* PBXContainerItemProxy */ = {
			isa = PBXContainerItemProxy;
			containerPortal = BB6FBA332C0D7C3A00C1D5A8 /* Project object */;
			proxyType = 1;
			remoteGlobalIDString = BB6FBA3A2C0D7C3A00C1D5A8;
			remoteInfo = BubbleNote;
		};
		BB6FBA562C0D7C3B00C1D5A8 /* PBXContainerItemProxy */ = {
			isa = PBXContainerItemProxy;
			containerPortal = BB6FBA332C0D7C3A00C1D5A8 /* Project object */;
			proxyType = 1;
			remoteGlobalIDString = BB6FBA3A2C0D7C3A00C1D5A8;
			remoteInfo = BubbleNote;
		};
/* End PBXContainerItemProxy section */

/* Begin PBXFileReference section */
		BB6FBA3B2C0D7C3A00C1D5A8 /* BubbleNote.app */ = {isa = PBXFileReference; explicitFileType = wrapper.application; includeInIndex = 0; path = BubbleNote.app; sourceTree = BUILT_PRODUCTS_DIR; };
		BB6FBA3E2C0D7C3A00C1D5A8 /* BubbleNoteApp.swift */ = {isa = PBXFileReference; lastKnownFileType = sourcecode.swift; path = BubbleNoteApp.swift; sourceTree = "<group>"; };
		BB6FBA402C0D7C3A00C1D5A8 /* ContentView.swift */ = {isa = PBXFileReference; lastKnownFileType = sourcecode.swift; path = ContentView.swift; sourceTree = "<group>"; };
		BB6FBA422C0D7C3B00C1D5A8 /* Assets.xcassets */ = {isa = PBXFileReference; lastKnownFileType = folder.assetcatalog; path = Assets.xcassets; sourceTree = "<group>"; };
		BB6FBA452C0D7C3B00C1D5A8 /* Preview Assets.xcassets */ = {isa = PBXFileReference; lastKnownFileType = folder.assetcatalog; path = "Preview Assets.xcassets"; sourceTree = "<group>"; };
		BB6FBA4B2C0D7C3B00C1D5A8 /* BubbleNoteTests.xctest */ = {isa = PBXFileReference; explicitFileType = wrapper.cfbundle; includeInIndex = 0; path = BubbleNoteTests.xctest; sourceTree = BUILT_PRODUCTS_DIR; };
		BB6FBA4F2C0D7C3B00C1D5A8 /* BubbleNoteTests.swift */ = {isa = PBXFileReference; lastKnownFileType = sourcecode.swift; path = BubbleNoteTests.swift; sourceTree = "<group>"; };
		BB6FBA552C0D7C3B00C1D5A8 /* BubbleNoteUITests.xctest */ = {isa = PBXFileReference; explicitFileType = wrapper.cfbundle; includeInIndex = 0; path = BubbleNoteUITests.xctest; sourceTree = BUILT_PRODUCTS_DIR; };
		BB6FBA592C0D7C3B00C1D5A8 /* BubbleNoteUITests.swift */ = {isa = PBXFileReference; lastKnownFileType = sourcecode.swift; path = BubbleNoteUITests.swift; sourceTree = "<group>"; };
		BB6FBA5B2C0D7C3B00C1D5A8 /* BubbleNoteUITestsLaunchTests.swift */ = {isa = PBXFileReference; lastKnownFileType = sourcecode.swift; path = BubbleNoteUITestsLaunchTests.swift; sourceTree = "<group>"; };
/* End PBXFileReference section */

/* Begin PBXFrameworksBuildPhase section */
		BB6FBA382C0D7C3A00C1D5A8 /* Frameworks */ = {
			isa = PBXFrameworksBuildPhase;
			buildActionMask = 2147483647;
			files = (
			);
			runOnlyForDeploymentPostprocessing = 0;
		};
		BB6FBA482C0D7C3B00C1D5A8 /* Frameworks */ = {
			isa = PBXFrameworksBuildPhase;
			buildActionMask = 2147483647;
			files = (
			);
			runOnlyForDeploymentPostprocessing = 0;
		};
		BB6FBA522C0D7C3B00C1D5A8 /* Frameworks */ = {
			isa = PBXFrameworksBuildPhase;
			buildActionMask = 2147483647;
			files = (
			);
			runOnlyForDeploymentPostprocessing = 0;
		};
/* End PBXFrameworksBuildPhase section */

/* Begin PBXGroup section */
		BB6FBA322C0D7C3A00C1D5A8 = {
			isa = PBXGroup;
			children = (
				BB6FBA3D2C0D7C3A00C1D5A8 /* BubbleNote */,
				BB6FBA4E2C0D7C3B00C1D5A8 /* BubbleNoteTests */,
				BB6FBA582C0D7C3B00C1D5A8 /* BubbleNoteUITests */,
				BB6FBA3C2C0D7C3A00C1D5A8 /* Products */,
			);
			sourceTree = "<group>";
		};
		BB6FBA3C2C0D7C3A00C1D5A8 /* Products */ = {
			isa = PBXGroup;
			children = (
				BB6FBA3B2C0D7C3A00C1D5A8 /* BubbleNote.app */,
				BB6FBA4B2C0D7C3B00C1D5A8 /* BubbleNoteTests.xctest */,
				BB6FBA552C0D7C3B00C1D5A8 /* BubbleNoteUITests.xctest */,
			);
			name = Products;
			sourceTree = "<group>";
		};
		BB6FBA3D2C0D7C3A00C1D5A8 /* BubbleNote */ = {
			isa = PBXGroup;
			children = (
				BB6FBA3E2C0D7C3A00C1D5A8 /* BubbleNoteApp.swift */,
				BB6FBA402C0D7C3A00C1D5A8 /* ContentView.swift */,
				BB6FBA422C0D7C3B00C1D5A8 /* Assets.xcassets */,
				BB6FBA442C0D7C3B00C1D5A8 /* Preview Content */,
			);
			path = BubbleNote;
			sourceTree = "<group>";
		};
		BB6FBA442C0D7C3B00C1D5A8 /* Preview Content */ = {
			isa = PBXGroup;
			children = (
				BB6FBA452C0D7C3B00C1D5A8 /* Preview Assets.xcassets */,
			);
			path = "Preview Content";
			sourceTree = "<group>";
		};
		BB6FBA4E2C0D7C3B00C1D5A8 /* BubbleNoteTests */ = {
			isa = PBXGroup;
			children = (
				BB6FBA4F2C0D7C3B00C1D5A8 /* BubbleNoteTests.swift */,
			);
			path = BubbleNoteTests;
			sourceTree = "<group>";
		};
		BB6FBA582C0D7C3B00C1D5A8 /* BubbleNoteUITests */ = {
			isa = PBXGroup;
			children = (
				BB6FBA592C0D7C3B00C1D5A8 /* BubbleNoteUITests.swift */,
				BB6FBA5B2C0D7C3B00C1D5A8 /* BubbleNoteUITestsLaunchTests.swift */,
			);
			path = BubbleNoteUITests;
			sourceTree = "<group>";
		};
/* End PBXGroup section */

/* Begin PBXNativeTarget section */
		BB6FBA3A2C0D7C3A00C1D5A8 /* BubbleNote */ = {
			isa = PBXNativeTarget;
			buildConfigurationList = BB6FBA5F2C0D7C3B00C1D5A8 /* Build configuration list for PBXNativeTarget "BubbleNote" */;
			buildPhases = (
				BB6FBA372C0D7C3A00C1D5A8 /* Sources */,
				BB6FBA382C0D7C3A00C1D5A8 /* Frameworks */,
				BB6FBA392C0D7C3A00C1D5A8 /* Resources */,
			);
			buildRules = (
			);
			dependencies = (
			);
			name = BubbleNote;
			productName = BubbleNote;
			productReference = BB6FBA3B2C0D7C3A00C1D5A8 /* BubbleNote.app */;
			productType = "com.apple.product-type.application";
		};
		BB6FBA4A2C0D7C3B00C1D5A8 /* BubbleNoteTests */ = {
			isa = PBXNativeTarget;
			buildConfigurationList = BB6FBA622C0D7C3B00C1D5A8 /* Build configuration list for PBXNativeTarget "BubbleNoteTests" */;
			buildPhases = (
				BB6FBA472C0D7C3B00C1D5A8 /* Sources */,
				BB6FBA482C0D7C3B00C1D5A8 /* Frameworks */,
				BB6FBA492C0D7C3B00C1D5A8 /* Resources */,
			);
			buildRules = (
			);
			dependencies = (
				BB6FBA4D2C0D7C3B00C1D5A8 /* PBXTargetDependency */,
			);
			name = BubbleNoteTests;
			productName = BubbleNoteTests;
			productReference = BB6FBA4B2C0D7C3B00C1D5A8 /* BubbleNoteTests.xctest */;
			productType = "com.apple.product-type.bundle.unit-test";
		};
		BB6FBA542C0D7C3B00C1D5A8 /* BubbleNoteUITests */ = {
			isa = PBXNativeTarget;
			buildConfigurationList = BB6FBA652C0D7C3B00C1D5A8 /* Build configuration list for PBXNativeTarget "BubbleNoteUITests" */;
			buildPhases = (
				BB6FBA512C0D7C3B00C1D5A8 /* Sources */,
				BB6FBA522C0D7C3B00C1D5A8 /* Frameworks */,
				BB6FBA532C0D7C3B00C1D5A8 /* Resources */,
			);
			buildRules = (
			);
			dependencies = (
				BB6FBA572C0D7C3B00C1D5A8 /* PBXTargetDependency */,
			);
			name = BubbleNoteUITests;
			productName = BubbleNoteUITests;
			productReference = BB6FBA552C0D7C3B00C1D5A8 /* BubbleNoteUITests.xctest */;
			productType = "com.apple.product-type.bundle.ui-testing";
		};
/* End PBXNativeTarget section */

/* Begin PBXProject section */
		BB6FBA332C0D7C3A00C1D5A8 /* Project object */ = {
			isa = PBXProject;
			attributes = {
				BuildIndependentTargetsInParallel = 1;
				LastSwiftUpdateCheck = 1540;
				LastUpgradeCheck = 1540;
				TargetAttributes = {
					BB6FBA3A2C0D7C3A00C1D5A8 = {
						CreatedOnToolsVersion = 15.4;
					};
					BB6FBA4A2C0D7C3B00C1D5A8 = {
						CreatedOnToolsVersion = 15.4;
						TestTargetID = BB6FBA3A2C0D7C3A00C1D5A8;
					};
					BB6FBA542C0D7C3B00C1D5A8 = {
						CreatedOnToolsVersion = 15.4;
						TestTargetID = BB6FBA3A2C0D7C3A00C1D5A8;
					};
				};
			};
			buildConfigurationList = BB6FBA362C0D7C3A00C1D5A8 /* Build configuration list for PBXProject "BubbleNote" */;
			compatibilityVersion = "Xcode 14.0";
			developmentRegion = en;
			hasScannedForEncodings = 0;
			knownRegions = (
				en,
				Base,
			);
			mainGroup = BB6FBA322C0D7C3A00C1D5A8;
			productRefGroup = BB6FBA3C2C0D7C3A00C1D5A8 /* Products */;
			projectDirPath = "";
			projectRoot = "";
			targets = (
				BB6FBA3A2C0D7C3A00C1D5A8 /* BubbleNote */,
				BB6FBA4A2C0D7C3B00C1D5A8 /* BubbleNoteTests */,
				BB6FBA542C0D7C3B00C1D5A8 /* BubbleNoteUITests */,
			);
		};
/* End PBXProject section */

/* Begin PBXResourcesBuildPhase section */
		BB6FBA392C0D7C3A00C1D5A8 /* Resources */ = {
			isa = PBXResourcesBuildPhase;
			buildActionMask = 2147483647;
			files = (
				BB6FBA462C0D7C3B00C1D5A8 /* Preview Assets.xcassets in Resources */,
				BB6FBA432C0D7C3B00C1D5A8 /* Assets.xcassets in Resources */,
			);
			runOnlyForDeploymentPostprocessing = 0;
		};
		BB6FBA492C0D7C3B00C1D5A8 /* Resources */ = {
			isa = PBXResourcesBuildPhase;
			buildActionMask = 2147483647;
			files = (
			);
			runOnlyForDeploymentPostprocessing = 0;
		};
		BB6FBA532C0D7C3B00C1D5A8 /* Resources */ = {
			isa = PBXResourcesBuildPhase;
			buildActionMask = 2147483647;
			files = (
			);
			runOnlyForDeploymentPostprocessing = 0;
		};
/* End PBXResourcesBuildPhase section */

/* Begin PBXSourcesBuildPhase section */
		BB6FBA372C0D7C3A00C1D5A8 /* Sources */ = {
			isa = PBXSourcesBuildPhase;
			buildActionMask = 2147483647;
			files = (
				BB6FBA412C0D7C3A00C1D5A8 /* ContentView.swift in Sources */,
				BB6FBA3F2C0D7C3A00C1D5A8 /* BubbleNoteApp.swift in Sources */,
			);
			runOnlyForDeploymentPostprocessing = 0;
		};
		BB6FBA472C0D7C3B00C1D5A8 /* Sources */ = {
			isa = PBXSourcesBuildPhase;
			buildActionMask = 2147483647;
			files = (
				BB6FBA502C0D7C3B00C1D5A8 /* BubbleNoteTests.swift in Sources */,
			);
			runOnlyForDeploymentPostprocessing = 0;
		};
		BB6FBA512C0D7C3B00C1D5A8 /* Sources */ = {
			isa = PBXSourcesBuildPhase;
			buildActionMask = 2147483647;
			files = (
				BB6FBA5C2C0D7C3B00C1D5A8 /* BubbleNoteUITestsLaunchTests.swift in Sources */,
				BB6FBA5A2C0D7C3B00C1D5A8 /* BubbleNoteUITests.swift in Sources */,
			);
			runOnlyForDeploymentPostprocessing = 0;
		};
/* End PBXSourcesBuildPhase section */

/* Begin PBXTargetDependency section */
		BB6FBA4D2C0D7C3B00C1D5A8 /* PBXTargetDependency */ = {
			isa = PBXTargetDependency;
			target = BB6FBA3A2C0D7C3A00C1D5A8 /* BubbleNote */;
			targetProxy = BB6FBA4C2C0D7C3B00C1D5A8 /* PBXContainerItemProxy */;
		};
		BB6FBA572C0D7C3B00C1D5A8 /* PBXTargetDependency */ = {
			isa = PBXTargetDependency;
			target = BB6FBA3A2C0D7C3A00C1D5A8 /* BubbleNote */;
			targetProxy = BB6FBA562C0D7C3B00C1D5A8 /* PBXContainerItemProxy */;
		};
/* End PBXTargetDependency section */

/* Begin XCBuildConfiguration section */
		BB6FBA5D2C0D7C3B00C1D5A8 /* Debug */ = {
			isa = XCBuildConfiguration;
			buildSettings = {
				ALWAYS_SEARCH_USER_PATHS = NO;
				ASSETCATALOG_COMPILER_GENERATE_SWIFT_ASSET_SYMBOL_EXTENSIONS = YES;
				CLANG_ANALYZER_NONNULL = YES;
				CLANG_ANALYZER_NUMBER_OBJECT_CONVERSION = YES_AGGRESSIVE;
				CLANG_CXX_LANGUAGE_STANDARD = "gnu++20";
				CLANG_ENABLE_MODULES = YES;
				CLANG_ENABLE_OBJC_ARC = YES;
				CLANG_ENABLE_OBJC_WEAK = YES;
				CLANG_WARN_BLOCK_CAPTURE_AUTORELEASING = YES;
				CLANG_WARN_BOOL_CONVERSION = YES;
				CLANG_WARN_COMMA = YES;
				CLANG_WARN_CONSTANT_CONVERSION = YES;
				CLANG_WARN_DEPRECATED_OBJC_IMPLEMENTATIONS = YES;
				CLANG_WARN_DIRECT_OBJC_ISA_USAGE = YES_ERROR;
				CLANG_WARN_DOCUMENTATION_COMMENTS = YES;
				CLANG_WARN_EMPTY_BODY = YES;
				CLANG_WARN_ENUM_CONVERSION = YES;
				CLANG_WARN_INFINITE_RECURSION = YES;
				CLANG_WARN_INT_CONVERSION = YES;
				CLANG_WARN_NON_LITERAL_NULL_CONVERSION = YES;
				CLANG_WARN_OBJC_IMPLICIT_RETAIN_SELF = YES;
				CLANG_WARN_OBJC_LITERAL_CONVERSION = YES;
				CLANG_WARN_OBJC_ROOT_CLASS = YES_ERROR;
				CLANG_WARN_QUOTED_INCLUDE_IN_FRAMEWORK_HEADER = YES;
				CLANG_WARN_RANGE_LOOP_ANALYSIS = YES;
				CLANG_WARN_STRICT_PROTOTYPES = YES;
				CLANG_WARN_SUSPICIOUS_MOVE = YES;
				CLANG_WARN_UNGUARDED_AVAILABILITY = YES_AGGRESSIVE;
				CLANG_WARN_UNREACHABLE_CODE = YES;
				CLANG_WARN__DUPLICATE_METHOD_MATCH = YES;
				COPY_PHASE_STRIP = NO;
				DEBUG_INFORMATION_FORMAT = dwarf;
				ENABLE_STRICT_OBJC_MSGSEND = YES;
				ENABLE_TESTABILITY = YES;
				ENABLE_USER_SCRIPT_SANDBOXING = YES;
				GCC_C_LANGUAGE_STANDARD = gnu17;
				GCC_DYNAMIC_NO_PIC = NO;
				GCC_NO_COMMON_BLOCKS = YES;
				GCC_OPTIMIZATION_LEVEL = 0;
				GCC_PREPROCESSOR_DEFINITIONS = (
					"DEBUG=1",
					"$(inherited)",
				);
				GCC_WARN_64_TO_32_BIT_CONVERSION = YES;
				GCC_WARN_ABOUT_RETURN_TYPE = YES_ERROR;
				GCC_WARN_UNDECLARED_SELECTOR = YES;
				GCC_WARN_UNINITIALIZED_AUTOS = YES_AGGRESSIVE;
				GCC_WARN_UNUSED_FUNCTION = YES;
				GCC_WARN_UNUSED_VARIABLE = YES;
				IPHONEOS_DEPLOYMENT_TARGET = 17.5;
				LOCALIZATION_PREFERS_STRING_CATALOGS = YES;
				MTL_ENABLE_DEBUG_INFO = INCLUDE_SOURCE;
				MTL_FAST_MATH = YES;
				ONLY_ACTIVE_ARCH = YES;
				SDKROOT = iphoneos;
				SWIFT_ACTIVE_COMPILATION_CONDITIONS = "DEBUG $(inherited)";
				SWIFT_OPTIMIZATION_LEVEL = "-Onone";
			};
			name = Debug;
		};
		BB6FBA5E2C0D7C3B00C1D5A8 /* Release */ = {
			isa = XCBuildConfiguration;
			buildSettings = {
				ALWAYS_SEARCH_USER_PATHS = NO;
				ASSETCATALOG_COMPILER_GENERATE_SWIFT_ASSET_SYMBOL_EXTENSIONS = YES;
				CLANG_ANALYZER_NONNULL = YES;
				CLANG_ANALYZER_NUMBER_OBJECT_CONVERSION = YES_AGGRESSIVE;
				CLANG_CXX_LANGUAGE_STANDARD = "gnu++20";
				CLANG_ENABLE_MODULES = YES;
				CLANG_ENABLE_OBJC_ARC = YES;
				CLANG_ENABLE_OBJC_WEAK = YES;
				CLANG_WARN_BLOCK_CAPTURE_AUTORELEASING = YES;
				CLANG_WARN_BOOL_CONVERSION = YES;
				CLANG_WARN_COMMA = YES;
				CLANG_WARN_CONSTANT_CONVERSION = YES;
				CLANG_WARN_DEPRECATED_OBJC_IMPLEMENTATIONS = YES;
				CLANG_WARN_DIRECT_OBJC_ISA_USAGE = YES_ERROR;
				CLANG_WARN_DOCUMENTATION_COMMENTS = YES;
				CLANG_WARN_EMPTY_BODY = YES;
				CLANG_WARN_ENUM_CONVERSION = YES;
				CLANG_WARN_INFINITE_RECURSION = YES;
				CLANG_WARN_INT_CONVERSION = YES;
				CLANG_WARN_NON_LITERAL_NULL_CONVERSION = YES;
				CLANG_WARN_OBJC_IMPLICIT_RETAIN_SELF = YES;
				CLANG_WARN_OBJC_LITERAL_CONVERSION = YES;
				CLANG_WARN_OBJC_ROOT_CLASS = YES_ERROR;
				CLANG_WARN_QUOTED_INCLUDE_IN_FRAMEWORK_HEADER = YES;
				CLANG_WARN_RANGE_LOOP_ANALYSIS = YES;
				CLANG_WARN_STRICT_PROTOTYPES = YES;
				CLANG_WARN_SUSPICIOUS_MOVE = YES;
				CLANG_WARN_UNGUARDED_AVAILABILITY = YES_AGGRESSIVE;
				CLANG_WARN_UNREACHABLE_CODE = YES;
				CLANG_WARN__DUPLICATE_METHOD_MATCH = YES;
				COPY_PHASE_STRIP = NO;
				DEBUG_INFORMATION_FORMAT = "dwarf-with-dsym";
				ENABLE_NS_ASSERTIONS = NO;
				ENABLE_STRICT_OBJC_MSGSEND = YES;
				ENABLE_USER_SCRIPT_SANDBOXING = YES;
				GCC_C_LANGUAGE_STANDARD = gnu17;
				GCC_NO_COMMON_BLOCKS = YES;
				GCC_WARN_64_TO_32_BIT_CONVERSION = YES;
				GCC_WARN_ABOUT_RETURN_TYPE = YES_ERROR;
				GCC_WARN_UNDECLARED_SELECTOR = YES;
				GCC_WARN_UNINITIALIZED_AUTOS = YES_AGGRESSIVE;
				GCC_WARN_UNUSED_FUNCTION = YES;
				GCC_WARN_UNUSED_VARIABLE = YES;
				IPHONEOS_DEPLOYMENT_TARGET = 17.5;
				LOCALIZATION_PREFERS_STRING_CATALOGS = YES;
				MTL_ENABLE_DEBUG_INFO = NO;
				MTL_FAST_MATH = YES;
				SDKROOT = iphoneos;
				SWIFT_COMPILATION_MODE = wholemodule;
				VALIDATE_PRODUCT = YES;
			};
			name = Release;
		};
		BB6FBA602C0D7C3B00C1D5A8 /* Debug */ = {
			isa = XCBuildConfiguration;
			buildSettings = {
				ASSETCATALOG_COMPILER_APPICON_NAME = AppIcon;
				ASSETCATALOG_COMPILER_GLOBAL_ACCENT_COLOR_NAME = AccentColor;
				CODE_SIGN_STYLE = Automatic;
				CURRENT_PROJECT_VERSION = 1;
				DEVELOPMENT_ASSET_PATHS = "\"BubbleNote/Preview Content\"";
				DEVELOPMENT_TEAM = AF9993RY54;
				ENABLE_PREVIEWS = YES;
				GENERATE_INFOPLIST_FILE = YES;
				INFOPLIST_KEY_UIApplicationSceneManifest_Generation = YES;
				INFOPLIST_KEY_UIApplicationSupportsIndirectInputEvents = YES;
				INFOPLIST_KEY_UILaunchScreen_Generation = YES;
				INFOPLIST_KEY_UISupportedInterfaceOrientations_iPad = "UIInterfaceOrientationPortrait UIInterfaceOrientationPortraitUpsideDown UIInterfaceOrientationLandscapeLeft UIInterfaceOrientationLandscapeRight";
				INFOPLIST_KEY_UISupportedInterfaceOrientations_iPhone = "UIInterfaceOrientationPortrait UIInterfaceOrientationLandscapeLeft UIInterfaceOrientationLandscapeRight";
				LD_RUNPATH_SEARCH_PATHS = (
					"$(inherited)",
					"@executable_path/Frameworks",
				);
				MARKETING_VERSION = 1.0;
				PRODUCT_BUNDLE_IDENTIFIER = jp.thousanda.BubbleNote;
				PRODUCT_NAME = "$(TARGET_NAME)";
				SWIFT_EMIT_LOC_STRINGS = YES;
				SWIFT_VERSION = 5.0;
				TARGETED_DEVICE_FAMILY = "1,2";
			};
			name = Debug;
		};
		BB6FBA612C0D7C3B00C1D5A8 /* Release */ = {
			isa = XCBuildConfiguration;
			buildSettings = {
				ASSETCATALOG_COMPILER_APPICON_NAME = AppIcon;
				ASSETCATALOG_COMPILER_GLOBAL_ACCENT_COLOR_NAME = AccentColor;
				CODE_SIGN_STYLE = Automatic;
				CURRENT_PROJECT_VERSION = 1;
				DEVELOPMENT_ASSET_PATHS = "\"BubbleNote/Preview Content\"";
				DEVELOPMENT_TEAM = AF9993RY54;
				ENABLE_PREVIEWS = YES;
				GENERATE_INFOPLIST_FILE = YES;
				INFOPLIST_KEY_UIApplicationSceneManifest_Generation = YES;
				INFOPLIST_KEY_UIApplicationSupportsIndirectInputEvents = YES;
				INFOPLIST_KEY_UILaunchScreen_Generation = YES;
				INFOPLIST_KEY_UISupportedInterfaceOrientations_iPad = "UIInterfaceOrientationPortrait UIInterfaceOrientationPortraitUpsideDown UIInterfaceOrientationLandscapeLeft UIInterfaceOrientationLandscapeRight";
				INFOPLIST_KEY_UISupportedInterfaceOrientations_iPhone = "UIInterfaceOrientationPortrait UIInterfaceOrientationLandscapeLeft UIInterfaceOrientationLandscapeRight";
				LD_RUNPATH_SEARCH_PATHS = (
					"$(inherited)",
					"@executable_path/Frameworks",
				);
				MARKETING_VERSION = 1.0;
				PRODUCT_BUNDLE_IDENTIFIER = jp.thousanda.BubbleNote;
				PRODUCT_NAME = "$(TARGET_NAME)";
				SWIFT_EMIT_LOC_STRINGS = YES;
				SWIFT_VERSION = 5.0;
				TARGETED_DEVICE_FAMILY = "1,2";
			};
			name = Release;
		};
		BB6FBA632C0D7C3B00C1D5A8 /* Debug */ = {
			isa = XCBuildConfiguration;
			buildSettings = {
				ALWAYS_EMBED_SWIFT_STANDARD_LIBRARIES = YES;
				BUNDLE_LOADER = "$(TEST_HOST)";
				CODE_SIGN_STYLE = Automatic;
				CURRENT_PROJECT_VERSION = 1;
				DEVELOPMENT_TEAM = AF9993RY54;
				GENERATE_INFOPLIST_FILE = YES;
				IPHONEOS_DEPLOYMENT_TARGET = 17.5;
				MARKETING_VERSION = 1.0;
				PRODUCT_BUNDLE_IDENTIFIER = jp.thousanda.BubbleNoteTests;
				PRODUCT_NAME = "$(TARGET_NAME)";
				SWIFT_EMIT_LOC_STRINGS = NO;
				SWIFT_VERSION = 5.0;
				TARGETED_DEVICE_FAMILY = "1,2";
				TEST_HOST = "$(BUILT_PRODUCTS_DIR)/BubbleNote.app/$(BUNDLE_EXECUTABLE_FOLDER_PATH)/BubbleNote";
			};
			name = Debug;
		};
		BB6FBA642C0D7C3B00C1D5A8 /* Release */ = {
			isa = XCBuildConfiguration;
			buildSettings = {
				ALWAYS_EMBED_SWIFT_STANDARD_LIBRARIES = YES;
				BUNDLE_LOADER = "$(TEST_HOST)";
				CODE_SIGN_STYLE = Automatic;
				CURRENT_PROJECT_VERSION = 1;
				DEVELOPMENT_TEAM = AF9993RY54;
				GENERATE_INFOPLIST_FILE = YES;
				IPHONEOS_DEPLOYMENT_TARGET = 17.5;
				MARKETING_VERSION = 1.0;
				PRODUCT_BUNDLE_IDENTIFIER = jp.thousanda.BubbleNoteTests;
				PRODUCT_NAME = "$(TARGET_NAME)";
				SWIFT_EMIT_LOC_STRINGS = NO;
				SWIFT_VERSION = 5.0;
				TARGETED_DEVICE_FAMILY = "1,2";
				TEST_HOST = "$(BUILT_PRODUCTS_DIR)/BubbleNote.app/$(BUNDLE_EXECUTABLE_FOLDER_PATH)/BubbleNote";
			};
			name = Release;
		};
		BB6FBA662C0D7C3B00C1D5A8 /* Debug */ = {
			isa = XCBuildConfiguration;
			buildSettings = {
				ALWAYS_EMBED_SWIFT_STANDARD_LIBRARIES = YES;
				CODE_SIGN_STYLE = Automatic;
				CURRENT_PROJECT_VERSION = 1;
				DEVELOPMENT_TEAM = AF9993RY54;
				GENERATE_INFOPLIST_FILE = YES;
				MARKETING_VERSION = 1.0;
				PRODUCT_BUNDLE_IDENTIFIER = jp.thousanda.BubbleNoteUITests;
				PRODUCT_NAME = "$(TARGET_NAME)";
				SWIFT_EMIT_LOC_STRINGS = NO;
				SWIFT_VERSION = 5.0;
				TARGETED_DEVICE_FAMILY = "1,2";
				TEST_TARGET_NAME = BubbleNote;
			};
			name = Debug;
		};
		BB6FBA672C0D7C3B00C1D5A8 /* Release */ = {
			isa = XCBuildConfiguration;
			buildSettings = {
				ALWAYS_EMBED_SWIFT_STANDARD_LIBRARIES = YES;
				CODE_SIGN_STYLE = Automatic;
				CURRENT_PROJECT_VERSION = 1;
				DEVELOPMENT_TEAM = AF9993RY54;
				GENERATE_INFOPLIST_FILE = YES;
				MARKETING_VERSION = 1.0;
				PRODUCT_BUNDLE_IDENTIFIER = jp.thousanda.BubbleNoteUITests;
				PRODUCT_NAME = "$(TARGET_NAME)";
				SWIFT_EMIT_LOC_STRINGS = NO;
				SWIFT_VERSION = 5.0;
				TARGETED_DEVICE_FAMILY = "1,2";
				TEST_TARGET_NAME = BubbleNote;
			};
			name = Release;
		};
/* End XCBuildConfiguration section */

/* Begin XCConfigurationList section */
		BB6FBA362C0D7C3A00C1D5A8 /* Build configuration list for PBXProject "BubbleNote" */ = {
			isa = XCConfigurationList;
			buildConfigurations = (
				BB6FBA5D2C0D7C3B00C1D5A8 /* Debug */,
				BB6FBA5E2C0D7C3B00C1D5A8 /* Release */,
			);
			defaultConfigurationIsVisible = 0;
			defaultConfigurationName = Release;
		};
		BB6FBA5F2C0D7C3B00C1D5A8 /* Build configuration list for PBXNativeTarget "BubbleNote" */ = {
			isa = XCConfigurationList;
			buildConfigurations = (
				BB6FBA602C0D7C3B00C1D5A8 /* Debug */,
				BB6FBA612C0D7C3B00C1D5A8 /* Release */,
			);
			defaultConfigurationIsVisible = 0;
			defaultConfigurationName = Release;
		};
		BB6FBA622C0D7C3B00C1D5A8 /* Build configuration list for PBXNativeTarget "BubbleNoteTests" */ = {
			isa = XCConfigurationList;
			buildConfigurations = (
				BB6FBA632C0D7C3B00C1D5A8 /* Debug */,
				BB6FBA642C0D7C3B00C1D5A8 /* Release */,
			);
			defaultConfigurationIsVisible = 0;
			defaultConfigurationName = Release;
		};
		BB6FBA652C0D7C3B00C1D5A8 /* Build configuration list for PBXNativeTarget "BubbleNoteUITests" */ = {
			isa = XCConfigurationList;
			buildConfigurations = (
				BB6FBA662C0D7C3B00C1D5A8 /* Debug */,
				BB6FBA672C0D7C3B00C1D5A8 /* Release */,
			);
			defaultConfigurationIsVisible = 0;
			defaultConfigurationName = Release;
		};
/* End XCConfigurationList section */
	};
	rootObject = BB6FBA332C0D7C3A00C1D5A8 /* Project object */;
}
